
Microsoft Visual Studio Solution File, Format Version 12.00
# Visual Studio 15
VisualStudioVersion = 15.0.27703.2018
MinimumVisualStudioVersion = 10.0.40219.1
Project("{FAE04EC0-301F-11D3-BF4B-00C04F79EFBC}") = "MvcAjaxAction", "MvcAjaxAction\MvcAjaxAction.csproj", "{5B10AFAA-FF9E-46B5-8977-6A83A05C5004}"
EndProject
Project("{FAE04EC0-301F-11D3-BF4B-00C04F79EFBC}") = "AjaxHandler", "AjaxHandler\AjaxHandler.csproj", "{A74A8BC5-5AA2-42B4-8693-D90C4C1D9145}"
EndProject
Global
	GlobalSection(SolutionConfigurationPlatforms) = preSolution
		Debug|Any CPU = Debug|Any CPU
		Release|Any CPU = Release|Any CPU
	EndGlobalSection
	GlobalSection(ProjectConfigurationPlatforms) = postSolution
		{5B10AFAA-FF9E-46B5-8977-6A83A05C5004}.Debug|Any CPU.ActiveCfg = Debug|Any CPU
		{5B10AFAA-FF9E-46B5-8977-6A83A05C5004}.Debug|Any CPU.Build.0 = Debug|Any CPU
		{5B10AFAA-FF9E-46B5-8977-6A83A05C5004}.Release|Any CPU.ActiveCfg = Release|Any CPU
		{5B10AFAA-FF9E-46B5-8977-6A83A05C5004}.Release|Any CPU.Build.0 = Release|Any CPU
		{A74A8BC5-5AA2-42B4-8693-D90C4C1D9145}.Debug|Any CPU.ActiveCfg = Debug|Any CPU
		{A74A8BC5-5AA2-42B4-8693-D90C4C1D9145}.Debug|Any CPU.Build.0 = Debug|Any CPU
		{A74A8BC5-5AA2-42B4-8693-D90C4C1D9145}.Release|Any CPU.ActiveCfg = Release|Any CPU
		{A74A8BC5-5AA2-42B4-8693-D90C4C1D9145}.Release|Any CPU.Build.0 = Release|Any CPU
	EndGlobalSection
	GlobalSection(SolutionProperties) = preSolution
		HideSolutionNode = FALSE
	EndGlobalSection
	GlobalSection(ExtensibilityGlobals) = postSolution
		SolutionGuid = {70700787-7E77-46CF-B35D-A09885165B9C}
	EndGlobalSection
EndGlobal
